
Microsoft Visual Studio Solution File, Format Version 12.00
# Visual Studio Version 16
VisualStudioVersion = 16.0.31321.278
MinimumVisualStudioVersion = 10.0.40219.1
Project("{FAE04EC0-301F-11D3-BF4B-00C04F79EFBC}") = "VL.TextEditor", "VL.TextEditor.csproj", "{1C453C48-4BF9-4735-85DE-6D17AD8DA0AE}"
EndProject
Global
	GlobalSection(SolutionConfigurationPlatforms) = preSolution
		Debug|Any CPU = Debug|Any CPU
		Release|Any CPU = Release|Any CPU
	EndGlobalSection
	GlobalSection(ProjectConfigurationPlatforms) = postSolution
		{1C453C48-4BF9-4735-85DE-6D17AD8DA0AE}.Debug|Any CPU.ActiveCfg = Debug|Any CPU
		{1C453C48-4BF9-4735-85DE-6D17AD8DA0AE}.Debug|Any CPU.Build.0 = Debug|Any CPU
		{1C453C48-4BF9-4735-85DE-6D17AD8DA0AE}.Release|Any CPU.ActiveCfg = Release|Any CPU
		{1C453C48-4BF9-4735-85DE-6D17AD8DA0AE}.Release|Any CPU.Build.0 = Release|Any CPU
	EndGlobalSection
	GlobalSection(SolutionProperties) = preSolution
		HideSolutionNode = FALSE
	EndGlobalSection
	GlobalSection(ExtensibilityGlobals) = postSolution
		SolutionGuid = {D43CEE67-4E4B-4381-B49C-7703F1FDBF6C}
	EndGlobalSection
EndGlobal
